# THIS IS AN AUTOGENERATED FILE. DO NOT EDIT THIS FILE DIRECTLY.
# yarn lockfile v1


"@micro-zoe/micro-app@^0.2.2":
  version "0.2.2"
  resolved "https://registry.yarnpkg.com/@micro-zoe/micro-app/-/micro-app-0.2.2.tgz#f2819db84f6c4529756bbc9b84971232452202b2"
  integrity sha512-shNsfubv2vON/RBfsM/hTrzgZYpsFKHlFHiOtxyEQ36wuPWWh4GoQAG7Snl0LjJvug+JBXc7Hh5ZaAwfoPa1tA==
